// !$*UTF8*$!
{
	archiveVersion = 1;
	classes = {
	};
	objectVersion = 50;
	objects = {

/* Begin PBXBuildFile section */
		04BDE2A3217E480700F553CB /* AppDelegate.swift in Sources */ = {isa = PBXBuildFile; fileRef = 04BDE2A2217E480700F553CB /* AppDelegate.swift */; };
		04BDE2A8217E480700F553CB /* Main.storyboard in Resources */ = {isa = PBXBuildFile; fileRef = 04BDE2A6217E480700F553CB /* Main.storyboard */; };
		04BDE2AA217E480900F553CB /* Assets.xcassets in Resources */ = {isa = PBXBuildFile; fileRef = 04BDE2A9217E480900F553CB /* Assets.xcassets */; };
		04BDE2AD217E480900F553CB /* LaunchScreen.storyboard in Resources */ = {isa = PBXBuildFile; fileRef = 04BDE2AB217E480900F553CB /* LaunchScreen.storyboard */; };
		04BDE2B8217E480900F553CB /* CanvasTests.swift in Sources */ = {isa = PBXBuildFile; fileRef = 04BDE2B7217E480900F553CB /* CanvasTests.swift */; };
		04BDE2C3217E480900F553CB /* CanvasUITests.swift in Sources */ = {isa = PBXBuildFile; fileRef = 04BDE2C2217E480900F553CB /* CanvasUITests.swift */; };
		04BDE2D1217E4FC600F553CB /* CanvasViewController.swift in Sources */ = {isa = PBXBuildFile; fileRef = 04BDE2D0217E4FC600F553CB /* CanvasViewController.swift */; };
/* End PBXBuildFile section */

/* Begin PBXContainerItemProxy section */
		04BDE2B4217E480900F553CB /* PBXContainerItemProxy */ = {
			isa = PBXContainerItemProxy;
			containerPortal = 04BDE297217E480700F553CB /* Project object */;
			proxyType = 1;
			remoteGlobalIDString = 04BDE29E217E480700F553CB;
			remoteInfo = Canvas;
		};
		04BDE2BF217E480900F553CB /* PBXContainerItemProxy */ = {
			isa = PBXContainerItemProxy;
			containerPortal = 04BDE297217E480700F553CB /* Project object */;
			proxyType = 1;
			remoteGlobalIDString = 04BDE29E217E480700F553CB;
			remoteInfo = Canvas;
		};
/* End PBXContainerItemProxy section */

/* Begin PBXFileReference section */
		04BDE29F217E480700F553CB /* Canvas.app */ = {isa = PBXFileReference; explicitFileType = wrapper.application; includeInIndex = 0; path = Canvas.app; sourceTree = BUILT_PRODUCTS_DIR; };
		04BDE2A2217E480700F553CB /* AppDelegate.swift */ = {isa = PBXFileReference; lastKnownFileType = sourcecode.swift; path = AppDelegate.swift; sourceTree = "<group>"; };
		04BDE2A7217E480700F553CB /* Base */ = {isa = PBXFileReference; lastKnownFileType = file.storyboard; name = Base; path = Base.lproj/Main.storyboard; sourceTree = "<group>"; };
		04BDE2A9217E480900F553CB /* Assets.xcassets */ = {isa = PBXFileReference; lastKnownFileType = folder.assetcatalog; path = Assets.xcassets; sourceTree = "<group>"; };
		04BDE2AC217E480900F553CB /* Base */ = {isa = PBXFileReference; lastKnownFileType = file.storyboard; name = Base; path = Base.lproj/LaunchScreen.storyboard; sourceTree = "<group>"; };
		04BDE2AE217E480900F553CB /* Info.plist */ = {isa = PBXFileReference; lastKnownFileType = text.plist.xml; path = Info.plist; sourceTree = "<group>"; };
		04BDE2B3217E480900F553CB /* CanvasTests.xctest */ = {isa = PBXFileReference; explicitFileType = wrapper.cfbundle; includeInIndex = 0; path = CanvasTests.xctest; sourceTree = BUILT_PRODUCTS_DIR; };
		04BDE2B7217E480900F553CB /* CanvasTests.swift */ = {isa = PBXFileReference; lastKnownFileType = sourcecode.swift; path = CanvasTests.swift; sourceTree = "<group>"; };
		04BDE2B9217E480900F553CB /* Info.plist */ = {isa = PBXFileReference; lastKnownFileType = text.plist.xml; path = Info.plist; sourceTree = "<group>"; };
		04BDE2BE217E480900F553CB /* CanvasUITests.xctest */ = {isa = PBXFileReference; explicitFileType = wrapper.cfbundle; includeInIndex = 0; path = CanvasUITests.xctest; sourceTree = BUILT_PRODUCTS_DIR; };
		04BDE2C2217E480900F553CB /* CanvasUITests.swift */ = {isa = PBXFileReference; lastKnownFileType = sourcecode.swift; path = CanvasUITests.swift; sourceTree = "<group>"; };
		04BDE2C4217E480900F553CB /* Info.plist */ = {isa = PBXFileReference; lastKnownFileType = text.plist.xml; path = Info.plist; sourceTree = "<group>"; };
		04BDE2D0217E4FC600F553CB /* CanvasViewController.swift */ = {isa = PBXFileReference; lastKnownFileType = sourcecode.swift; path = CanvasViewController.swift; sourceTree = "<group>"; };
/* End PBXFileReference section */

/* Begin PBXFrameworksBuildPhase section */
		04BDE29C217E480700F553CB /* Frameworks */ = {
			isa = PBXFrameworksBuildPhase;
			buildActionMask = 2147483647;
			files = (
			);
			runOnlyForDeploymentPostprocessing = 0;
		};
		04BDE2B0217E480900F553CB /* Frameworks */ = {
			isa = PBXFrameworksBuildPhase;
			buildActionMask = 2147483647;
			files = (
			);
			runOnlyForDeploymentPostprocessing = 0;
		};
		04BDE2BB217E480900F553CB /* Frameworks */ = {
			isa = PBXFrameworksBuildPhase;
			buildActionMask = 2147483647;
			files = (
			);
			runOnlyForDeploymentPostprocessing = 0;
		};
/* End PBXFrameworksBuildPhase section */

/* Begin PBXGroup section */
		04BDE296217E480700F553CB = {
			isa = PBXGroup;
			children = (
				04BDE2A1217E480700F553CB /* Canvas */,
				04BDE2B6217E480900F553CB /* CanvasTests */,
				04BDE2C1217E480900F553CB /* CanvasUITests */,
				04BDE2A0217E480700F553CB /* Products */,
			);
			sourceTree = "<group>";
		};
		04BDE2A0217E480700F553CB /* Products */ = {
			isa = PBXGroup;
			children = (
				04BDE29F217E480700F553CB /* Canvas.app */,
				04BDE2B3217E480900F553CB /* CanvasTests.xctest */,
				04BDE2BE217E480900F553CB /* CanvasUITests.xctest */,
			);
			name = Products;
			sourceTree = "<group>";
		};
		04BDE2A1217E480700F553CB /* Canvas */ = {
			isa = PBXGroup;
			children = (
				04BDE2A2217E480700F553CB /* AppDelegate.swift */,
				04BDE2A6217E480700F553CB /* Main.storyboard */,
				04BDE2A9217E480900F553CB /* Assets.xcassets */,
				04BDE2AB217E480900F553CB /* LaunchScreen.storyboard */,
				04BDE2AE217E480900F553CB /* Info.plist */,
				04BDE2D0217E4FC600F553CB /* CanvasViewController.swift */,
			);
			path = Canvas;
			sourceTree = "<group>";
		};
		04BDE2B6217E480900F553CB /* CanvasTests */ = {
			isa = PBXGroup;
			children = (
				04BDE2B7217E480900F553CB /* CanvasTests.swift */,
				04BDE2B9217E480900F553CB /* Info.plist */,
			);
			path = CanvasTests;
			sourceTree = "<group>";
		};
		04BDE2C1217E480900F553CB /* CanvasUITests */ = {
			isa = PBXGroup;
			children = (
				04BDE2C2217E480900F553CB /* CanvasUITests.swift */,
				04BDE2C4217E480900F553CB /* Info.plist */,
			);
			path = CanvasUITests;
			sourceTree = "<group>";
		};
/* End PBXGroup section */

/* Begin PBXNativeTarget section */
		04BDE29E217E480700F553CB /* Canvas */ = {
			isa = PBXNativeTarget;
			buildConfigurationList = 04BDE2C7217E480900F553CB /* Build configuration list for PBXNativeTarget "Canvas" */;
			buildPhases = (
				04BDE29B217E480700F553CB /* Sources */,
				04BDE29C217E480700F553CB /* Frameworks */,
				04BDE29D217E480700F553CB /* Resources */,
			);
			buildRules = (
			);
			dependencies = (
			);
			name = Canvas;
			productName = Canvas;
			productReference = 04BDE29F217E480700F553CB /* Canvas.app */;
			productType = "com.apple.product-type.application";
		};
		04BDE2B2217E480900F553CB /* CanvasTests */ = {
			isa = PBXNativeTarget;
			buildConfigurationList = 04BDE2CA217E480900F553CB /* Build configuration list for PBXNativeTarget "CanvasTests" */;
			buildPhases = (
				04BDE2AF217E480900F553CB /* Sources */,
				04BDE2B0217E480900F553CB /* Frameworks */,
				04BDE2B1217E480900F553CB /* Resources */,
			);
			buildRules = (
			);
			dependencies = (
				04BDE2B5217E480900F553CB /* PBXTargetDependency */,
			);
			name = CanvasTests;
			productName = CanvasTests;
			productReference = 04BDE2B3217E480900F553CB /* CanvasTests.xctest */;
			productType = "com.apple.product-type.bundle.unit-test";
		};
		04BDE2BD217E480900F553CB /* CanvasUITests */ = {
			isa = PBXNativeTarget;
			buildConfigurationList = 04BDE2CD217E480900F553CB /* Build configuration list for PBXNativeTarget "CanvasUITests" */;
			buildPhases = (
				04BDE2BA217E480900F553CB /* Sources */,
				04BDE2BB217E480900F553CB /* Frameworks */,
				04BDE2BC217E480900F553CB /* Resources */,
			);
			buildRules = (
			);
			dependencies = (
				04BDE2C0217E480900F553CB /* PBXTargetDependency */,
			);
			name = CanvasUITests;
			productName = CanvasUITests;
			productReference = 04BDE2BE217E480900F553CB /* CanvasUITests.xctest */;
			productType = "com.apple.product-type.bundle.ui-testing";
		};
/* End PBXNativeTarget section */

/* Begin PBXProject section */
		04BDE297217E480700F553CB /* Project object */ = {
			isa = PBXProject;
			attributes = {
				LastSwiftUpdateCheck = 0940;
				LastUpgradeCheck = 0940;
				ORGANIZATIONNAME = "Abraham Asmile";
				TargetAttributes = {
					04BDE29E217E480700F553CB = {
						CreatedOnToolsVersion = 9.4.1;
					};
					04BDE2B2217E480900F553CB = {
						CreatedOnToolsVersion = 9.4.1;
						TestTargetID = 04BDE29E217E480700F553CB;
					};
					04BDE2BD217E480900F553CB = {
						CreatedOnToolsVersion = 9.4.1;
						TestTargetID = 04BDE29E217E480700F553CB;
					};
				};
			};
			buildConfigurationList = 04BDE29A217E480700F553CB /* Build configuration list for PBXProject "Canvas" */;
			compatibilityVersion = "Xcode 9.3";
			developmentRegion = en;
			hasScannedForEncodings = 0;
			knownRegions = (
				en,
				Base,
			);
			mainGroup = 04BDE296217E480700F553CB;
			productRefGroup = 04BDE2A0217E480700F553CB /* Products */;
			projectDirPath = "";
			projectRoot = "";
			targets = (
				04BDE29E217E480700F553CB /* Canvas */,
				04BDE2B2217E480900F553CB /* CanvasTests */,
				04BDE2BD217E480900F553CB /* CanvasUITests */,
			);
		};
/* End PBXProject section */

/* Begin PBXResourcesBuildPhase section */
		04BDE29D217E480700F553CB /* Resources */ = {
			isa = PBXResourcesBuildPhase;
			buildActionMask = 2147483647;
			files = (
				04BDE2AD217E480900F553CB /* LaunchScreen.storyboard in Resources */,
				04BDE2AA217E480900F553CB /* Assets.xcassets in Resources */,
				04BDE2A8217E480700F553CB /* Main.storyboard in Resources */,
			);
			runOnlyForDeploymentPostprocessing = 0;
		};
		04BDE2B1217E480900F553CB /* Resources */ = {
			isa = PBXResourcesBuildPhase;
			buildActionMask = 2147483647;
			files = (
			);
			runOnlyForDeploymentPostprocessing = 0;
		};
		04BDE2BC217E480900F553CB /* Resources */ = {
			isa = PBXResourcesBuildPhase;
			buildActionMask = 2147483647;
			files = (
			);
			runOnlyForDeploymentPostprocessing = 0;
		};
/* End PBXResourcesBuildPhase section */

/* Begin PBXSourcesBuildPhase section */
		04BDE29B217E480700F553CB /* Sources */ = {
			isa = PBXSourcesBuildPhase;
			buildActionMask = 2147483647;
			files = (
				04BDE2D1217E4FC600F553CB /* CanvasViewController.swift in Sources */,
				04BDE2A3217E480700F553CB /* AppDelegate.swift in Sources */,
			);
			runOnlyForDeploymentPostprocessing = 0;
		};
		04BDE2AF217E480900F553CB /* Sources */ = {
			isa = PBXSourcesBuildPhase;
			buildActionMask = 2147483647;
			files = (
				04BDE2B8217E480900F553CB /* CanvasTests.swift in Sources */,
			);
			runOnlyForDeploymentPostprocessing = 0;
		};
		04BDE2BA217E480900F553CB /* Sources */ = {
			isa = PBXSourcesBuildPhase;
			buildActionMask = 2147483647;
			files = (
				04BDE2C3217E480900F553CB /* CanvasUITests.swift in Sources */,
			);
			runOnlyForDeploymentPostprocessing = 0;
		};
/* End PBXSourcesBuildPhase section */

/* Begin PBXTargetDependency section */
		04BDE2B5217E480900F553CB /* PBXTargetDependency */ = {
			isa = PBXTargetDependency;
			target = 04BDE29E217E480700F553CB /* Canvas */;
			targetProxy = 04BDE2B4217E480900F553CB /* PBXContainerItemProxy */;
		};
		04BDE2C0217E480900F553CB /* PBXTargetDependency */ = {
			isa = PBXTargetDependency;
			target = 04BDE29E217E480700F553CB /* Canvas */;
			targetProxy = 04BDE2BF217E480900F553CB /* PBXContainerItemProxy */;
		};
/* End PBXTargetDependency section */

/* Begin PBXVariantGroup section */
		04BDE2A6217E480700F553CB /* Main.storyboard */ = {
			isa = PBXVariantGroup;
			children = (
				04BDE2A7217E480700F553CB /* Base */,
			);
			name = Main.storyboard;
			sourceTree = "<group>";
		};
		04BDE2AB217E480900F553CB /* LaunchScreen.storyboard */ = {
			isa = PBXVariantGroup;
			children = (
				04BDE2AC217E480900F553CB /* Base */,
			);
			name = LaunchScreen.storyboard;
			sourceTree = "<group>";
		};
/* End PBXVariantGroup section */

/* Begin XCBuildConfiguration section */
		04BDE2C5217E480900F553CB /* Debug */ = {
			isa = XCBuildConfiguration;
			buildSettings = {
				ALWAYS_SEARCH_USER_PATHS = NO;
				CLANG_ANALYZER_NONNULL = YES;
				CLANG_ANALYZER_NUMBER_OBJECT_CONVERSION = YES_AGGRESSIVE;
				CLANG_CXX_LANGUAGE_STANDARD = "gnu++14";
				CLANG_CXX_LIBRARY = "libc++";
				CLANG_ENABLE_MODULES = YES;
				CLANG_ENABLE_OBJC_ARC = YES;
				CLANG_ENABLE_OBJC_WEAK = YES;
				CLANG_WARN_BLOCK_CAPTURE_AUTORELEASING = YES;
				CLANG_WARN_BOOL_CONVERSION = YES;
				CLANG_WARN_COMMA = YES;
				CLANG_WARN_CONSTANT_CONVERSION = YES;
				CLANG_WARN_DEPRECATED_OBJC_IMPLEMENTATIONS = YES;
				CLANG_WARN_DIRECT_OBJC_ISA_USAGE = YES_ERROR;
				CLANG_WARN_DOCUMENTATION_COMMENTS = YES;
				CLANG_WARN_EMPTY_BODY = YES;
				CLANG_WARN_ENUM_CONVERSION = YES;
				CLANG_WARN_INFINITE_RECURSION = YES;
				CLANG_WARN_INT_CONVERSION = YES;
				CLANG_WARN_NON_LITERAL_NULL_CONVERSION = YES;
				CLANG_WARN_OBJC_IMPLICIT_RETAIN_SELF = YES;
				CLANG_WARN_OBJC_LITERAL_CONVERSION = YES;
				CLANG_WARN_OBJC_ROOT_CLASS = YES_ERROR;
				CLANG_WARN_RANGE_LOOP_ANALYSIS = YES;
				CLANG_WARN_STRICT_PROTOTYPES = YES;
				CLANG_WARN_SUSPICIOUS_MOVE = YES;
				CLANG_WARN_UNGUARDED_AVAILABILITY = YES_AGGRESSIVE;
				CLANG_WARN_UNREACHABLE_CODE = YES;
				CLANG_WARN__DUPLICATE_METHOD_MATCH = YES;
				CODE_SIGN_IDENTITY = "iPhone Developer";
				COPY_PHASE_STRIP = NO;
				DEBUG_INFORMATION_FORMAT = dwarf;
				ENABLE_STRICT_OBJC_MSGSEND = YES;
				ENABLE_TESTABILITY = YES;
				GCC_C_LANGUAGE_STANDARD = gnu11;
				GCC_DYNAMIC_NO_PIC = NO;
				GCC_NO_COMMON_BLOCKS = YES;
				GCC_OPTIMIZATION_LEVEL = 0;
				GCC_PREPROCESSOR_DEFINITIONS = (
					"DEBUG=1",
					"$(inherited)",
				);
				GCC_WARN_64_TO_32_BIT_CONVERSION = YES;
				GCC_WARN_ABOUT_RETURN_TYPE = YES_ERROR;
				GCC_WARN_UNDECLARED_SELECTOR = YES;
				GCC_WARN_UNINITIALIZED_AUTOS = YES_AGGRESSIVE;
				GCC_WARN_UNUSED_FUNCTION = YES;
				GCC_WARN_UNUSED_VARIABLE = YES;
				IPHONEOS_DEPLOYMENT_TARGET = 11.4;
				MTL_ENABLE_DEBUG_INFO = YES;
				ONLY_ACTIVE_ARCH = YES;
				SDKROOT = iphoneos;
				SWIFT_ACTIVE_COMPILATION_CONDITIONS = DEBUG;
				SWIFT_OPTIMIZATION_LEVEL = "-Onone";
			};
			name = Debug;
		};
		04BDE2C6217E480900F553CB /* Release */ = {
			isa = XCBuildConfiguration;
			buildSettings = {
				ALWAYS_SEARCH_USER_PATHS = NO;
				CLANG_ANALYZER_NONNULL = YES;
				CLANG_ANALYZER_NUMBER_OBJECT_CONVERSION = YES_AGGRESSIVE;
				CLANG_CXX_LANGUAGE_STANDARD = "gnu++14";
				CLANG_CXX_LIBRARY = "libc++";
				CLANG_ENABLE_MODULES = YES;
				CLANG_ENABLE_OBJC_ARC = YES;
				CLANG_ENABLE_OBJC_WEAK = YES;
				CLANG_WARN_BLOCK_CAPTURE_AUTORELEASING = YES;
				CLANG_WARN_BOOL_CONVERSION = YES;
				CLANG_WARN_COMMA = YES;
				CLANG_WARN_CONSTANT_CONVERSION = YES;
				CLANG_WARN_DEPRECATED_OBJC_IMPLEMENTATIONS = YES;
				CLANG_WARN_DIRECT_OBJC_ISA_USAGE = YES_ERROR;
				CLANG_WARN_DOCUMENTATION_COMMENTS = YES;
				CLANG_WARN_EMPTY_BODY = YES;
				CLANG_WARN_ENUM_CONVERSION = YES;
				CLANG_WARN_INFINITE_RECURSION = YES;
				CLANG_WARN_INT_CONVERSION = YES;
				CLANG_WARN_NON_LITERAL_NULL_CONVERSION = YES;
				CLANG_WARN_OBJC_IMPLICIT_RETAIN_SELF = YES;
				CLANG_WARN_OBJC_LITERAL_CONVERSION = YES;
				CLANG_WARN_OBJC_ROOT_CLASS = YES_ERROR;
				CLANG_WARN_RANGE_LOOP_ANALYSIS = YES;
				CLANG_WARN_STRICT_PROTOTYPES = YES;
				CLANG_WARN_SUSPICIOUS_MOVE = YES;
				CLANG_WARN_UNGUARDED_AVAILABILITY = YES_AGGRESSIVE;
				CLANG_WARN_UNREACHABLE_CODE = YES;
				CLANG_WARN__DUPLICATE_METHOD_MATCH = YES;
				CODE_SIGN_IDENTITY = "iPhone Developer";
				COPY_PHASE_STRIP = NO;
				DEBUG_INFORMATION_FORMAT = "dwarf-with-dsym";
				ENABLE_NS_ASSERTIONS = NO;
				ENABLE_STRICT_OBJC_MSGSEND = YES;
				GCC_C_LANGUAGE_STANDARD = gnu11;
				GCC_NO_COMMON_BLOCKS = YES;
				GCC_WARN_64_TO_32_BIT_CONVERSION = YES;
				GCC_WARN_ABOUT_RETURN_TYPE = YES_ERROR;
				GCC_WARN_UNDECLARED_SELECTOR = YES;
				GCC_WARN_UNINITIALIZED_AUTOS = YES_AGGRESSIVE;
				GCC_WARN_UNUSED_FUNCTION = YES;
				GCC_WARN_UNUSED_VARIABLE = YES;
				IPHONEOS_DEPLOYMENT_TARGET = 11.4;
				MTL_ENABLE_DEBUG_INFO = NO;
				SDKROOT = iphoneos;
				SWIFT_COMPILATION_MODE = wholemodule;
				SWIFT_OPTIMIZATION_LEVEL = "-O";
				VALIDATE_PRODUCT = YES;
			};
			name = Release;
		};
		04BDE2C8217E480900F553CB /* Debug */ = {
			isa = XCBuildConfiguration;
			buildSettings = {
				ASSETCATALOG_COMPILER_APPICON_NAME = AppIcon;
				CODE_SIGN_STYLE = Automatic;
				DEVELOPMENT_TEAM = J2YW2GDN23;
				INFOPLIST_FILE = Canvas/Info.plist;
				LD_RUNPATH_SEARCH_PATHS = (
					"$(inherited)",
					"@executable_path/Frameworks",
				);
				PRODUCT_BUNDLE_IDENTIFIER = com.codepath.Canvas;
				PRODUCT_NAME = "$(TARGET_NAME)";
				SWIFT_VERSION = 4.0;
				TARGETED_DEVICE_FAMILY = "1,2";
			};
			name = Debug;
		};
		04BDE2C9217E480900F553CB /* Release */ = {
			isa = XCBuildConfiguration;
			buildSettings = {
				ASSETCATALOG_COMPILER_APPICON_NAME = AppIcon;
				CODE_SIGN_STYLE = Automatic;
				DEVELOPMENT_TEAM = J2YW2GDN23;
				INFOPLIST_FILE = Canvas/Info.plist;
				LD_RUNPATH_SEARCH_PATHS = (
					"$(inherited)",
					"@executable_path/Frameworks",
				);
				PRODUCT_BUNDLE_IDENTIFIER = com.codepath.Canvas;
				PRODUCT_NAME = "$(TARGET_NAME)";
				SWIFT_VERSION = 4.0;
				TARGETED_DEVICE_FAMILY = "1,2";
			};
			name = Release;
		};
		04BDE2CB217E480900F553CB /* Debug */ = {
			isa = XCBuildConfiguration;
			buildSettings = {
				ALWAYS_EMBED_SWIFT_STANDARD_LIBRARIES = YES;
				BUNDLE_LOADER = "$(TEST_HOST)";
				CODE_SIGN_STYLE = Automatic;
				DEVELOPMENT_TEAM = J2YW2GDN23;
				INFOPLIST_FILE = CanvasTests/Info.plist;
				LD_RUNPATH_SEARCH_PATHS = (
					"$(inherited)",
					"@executable_path/Frameworks",
					"@loader_path/Frameworks",
				);
				PRODUCT_BUNDLE_IDENTIFIER = com.codepath.CanvasTests;
				PRODUCT_NAME = "$(TARGET_NAME)";
				SWIFT_VERSION = 4.0;
				TARGETED_DEVICE_FAMILY = "1,2";
				TEST_HOST = "$(BUILT_PRODUCTS_DIR)/Canvas.app/Canvas";
			};
			name = Debug;
		};
		04BDE2CC217E480900F553CB /* Release */ = {
			isa = XCBuildConfiguration;
			buildSettings = {
				ALWAYS_EMBED_SWIFT_STANDARD_LIBRARIES = YES;
				BUNDLE_LOADER = "$(TEST_HOST)";
				CODE_SIGN_STYLE = Automatic;
				DEVELOPMENT_TEAM = J2YW2GDN23;
				INFOPLIST_FILE = CanvasTests/Info.plist;
				LD_RUNPATH_SEARCH_PATHS = (
					"$(inherited)",
					"@executable_path/Frameworks",
					"@loader_path/Frameworks",
				);
				PRODUCT_BUNDLE_IDENTIFIER = com.codepath.CanvasTests;
				PRODUCT_NAME = "$(TARGET_NAME)";
				SWIFT_VERSION = 4.0;
				TARGETED_DEVICE_FAMILY = "1,2";
				TEST_HOST = "$(BUILT_PRODUCTS_DIR)/Canvas.app/Canvas";
			};
			name = Release;
		};
		04BDE2CE217E480900F553CB /* Debug */ = {
			isa = XCBuildConfiguration;
			buildSettings = {
				ALWAYS_EMBED_SWIFT_STANDARD_LIBRARIES = YES;
				CODE_SIGN_STYLE = Automatic;
				DEVELOPMENT_TEAM = J2YW2GDN23;
				INFOPLIST_FILE = CanvasUITests/Info.plist;
				LD_RUNPATH_SEARCH_PATHS = (
					"$(inherited)",
					"@executable_path/Frameworks",
					"@loader_path/Frameworks",
				);
				PRODUCT_BUNDLE_IDENTIFIER = com.codepath.CanvasUITests;
				PRODUCT_NAME = "$(TARGET_NAME)";
				SWIFT_VERSION = 4.0;
				TARGETED_DEVICE_FAMILY = "1,2";
				TEST_TARGET_NAME = Canvas;
			};
			name = Debug;
		};
		04BDE2CF217E480900F553CB /* Release */ = {
			isa = XCBuildConfiguration;
			buildSettings = {
				ALWAYS_EMBED_SWIFT_STANDARD_LIBRARIES = YES;
				CODE_SIGN_STYLE = Automatic;
				DEVELOPMENT_TEAM = J2YW2GDN23;
				INFOPLIST_FILE = CanvasUITests/Info.plist;
				LD_RUNPATH_SEARCH_PATHS = (
					"$(inherited)",
					"@executable_path/Frameworks",
					"@loader_path/Frameworks",
				);
				PRODUCT_BUNDLE_IDENTIFIER = com.codepath.CanvasUITests;
				PRODUCT_NAME = "$(TARGET_NAME)";
				SWIFT_VERSION = 4.0;
				TARGETED_DEVICE_FAMILY = "1,2";
				TEST_TARGET_NAME = Canvas;
			};
			name = Release;
		};
/* End XCBuildConfiguration section */

/* Begin XCConfigurationList section */
		04BDE29A217E480700F553CB /* Build configuration list for PBXProject "Canvas" */ = {
			isa = XCConfigurationList;
			buildConfigurations = (
				04BDE2C5217E480900F553CB /* Debug */,
				04BDE2C6217E480900F553CB /* Release */,
			);
			defaultConfigurationIsVisible = 0;
			defaultConfigurationName = Release;
		};
		04BDE2C7217E480900F553CB /* Build configuration list for PBXNativeTarget "Canvas" */ = {
			isa = XCConfigurationList;
			buildConfigurations = (
				04BDE2C8217E480900F553CB /* Debug */,
				04BDE2C9217E480900F553CB /* Release */,
			);
			defaultConfigurationIsVisible = 0;
			defaultConfigurationName = Release;
		};
		04BDE2CA217E480900F553CB /* Build configuration list for PBXNativeTarget "CanvasTests" */ = {
			isa = XCConfigurationList;
			buildConfigurations = (
				04BDE2CB217E480900F553CB /* Debug */,
				04BDE2CC217E480900F553CB /* Release */,
			);
			defaultConfigurationIsVisible = 0;
			defaultConfigurationName = Release;
		};
		04BDE2CD217E480900F553CB /* Build configuration list for PBXNativeTarget "CanvasUITests" */ = {
			isa = XCConfigurationList;
			buildConfigurations = (
				04BDE2CE217E480900F553CB /* Debug */,
				04BDE2CF217E480900F553CB /* Release */,
			);
			defaultConfigurationIsVisible = 0;
			defaultConfigurationName = Release;
		};
/* End XCConfigurationList section */
	};
	rootObject = 04BDE297217E480700F553CB /* Project object */;
}
